// !$*UTF8*$!
{
	archiveVersion = 1;
	classes = {
	};
	objectVersion = 46;
	objects = {

/* Begin PBXBuildFile section */
		4D0060711E08F1BA008636D1 /* AppDelegate.swift in Sources */ = {isa = PBXBuildFile; fileRef = 4D0060701E08F1BA008636D1 /* AppDelegate.swift */; };
		4D0060731E08F1BA008636D1 /* ViewController.swift in Sources */ = {isa = PBXBuildFile; fileRef = 4D0060721E08F1BA008636D1 /* ViewController.swift */; };
		4D0060761E08F1BA008636D1 /* Main.storyboard in Resources */ = {isa = PBXBuildFile; fileRef = 4D0060741E08F1BA008636D1 /* Main.storyboard */; };
		4D0060781E08F1BA008636D1 /* Assets.xcassets in Resources */ = {isa = PBXBuildFile; fileRef = 4D0060771E08F1BA008636D1 /* Assets.xcassets */; };
		4D00607B1E08F1BA008636D1 /* LaunchScreen.storyboard in Resources */ = {isa = PBXBuildFile; fileRef = 4D0060791E08F1BA008636D1 /* LaunchScreen.storyboard */; };
		4D0060861E08F1BA008636D1 /* download_WebContentTests.swift in Sources */ = {isa = PBXBuildFile; fileRef = 4D0060851E08F1BA008636D1 /* download_WebContentTests.swift */; };
		4D0060911E08F1BA008636D1 /* download_WebContentUITests.swift in Sources */ = {isa = PBXBuildFile; fileRef = 4D0060901E08F1BA008636D1 /* download_WebContentUITests.swift */; };
/* End PBXBuildFile section */

/* Begin PBXContainerItemProxy section */
		4D0060821E08F1BA008636D1 /* PBXContainerItemProxy */ = {
			isa = PBXContainerItemProxy;
			containerPortal = 4D0060651E08F1B9008636D1 /* Project object */;
			proxyType = 1;
			remoteGlobalIDString = 4D00606C1E08F1BA008636D1;
			remoteInfo = "download-WebContent";
		};
		4D00608D1E08F1BA008636D1 /* PBXContainerItemProxy */ = {
			isa = PBXContainerItemProxy;
			containerPortal = 4D0060651E08F1B9008636D1 /* Project object */;
			proxyType = 1;
			remoteGlobalIDString = 4D00606C1E08F1BA008636D1;
			remoteInfo = "download-WebContent";
		};
/* End PBXContainerItemProxy section */

/* Begin PBXFileReference section */
		4D00606D1E08F1BA008636D1 /* download-WebContent.app */ = {isa = PBXFileReference; explicitFileType = wrapper.application; includeInIndex = 0; path = "download-WebContent.app"; sourceTree = BUILT_PRODUCTS_DIR; };
		4D0060701E08F1BA008636D1 /* AppDelegate.swift */ = {isa = PBXFileReference; lastKnownFileType = sourcecode.swift; path = AppDelegate.swift; sourceTree = "<group>"; };
		4D0060721E08F1BA008636D1 /* ViewController.swift */ = {isa = PBXFileReference; lastKnownFileType = sourcecode.swift; path = ViewController.swift; sourceTree = "<group>"; };
		4D0060751E08F1BA008636D1 /* Base */ = {isa = PBXFileReference; lastKnownFileType = file.storyboard; name = Base; path = Base.lproj/Main.storyboard; sourceTree = "<group>"; };
		4D0060771E08F1BA008636D1 /* Assets.xcassets */ = {isa = PBXFileReference; lastKnownFileType = folder.assetcatalog; path = Assets.xcassets; sourceTree = "<group>"; };
		4D00607A1E08F1BA008636D1 /* Base */ = {isa = PBXFileReference; lastKnownFileType = file.storyboard; name = Base; path = Base.lproj/LaunchScreen.storyboard; sourceTree = "<group>"; };
		4D00607C1E08F1BA008636D1 /* Info.plist */ = {isa = PBXFileReference; lastKnownFileType = text.plist.xml; path = Info.plist; sourceTree = "<group>"; };
		4D0060811E08F1BA008636D1 /* download-WebContentTests.xctest */ = {isa = PBXFileReference; explicitFileType = wrapper.cfbundle; includeInIndex = 0; path = "download-WebContentTests.xctest"; sourceTree = BUILT_PRODUCTS_DIR; };
		4D0060851E08F1BA008636D1 /* download_WebContentTests.swift */ = {isa = PBXFileReference; lastKnownFileType = sourcecode.swift; path = download_WebContentTests.swift; sourceTree = "<group>"; };
		4D0060871E08F1BA008636D1 /* Info.plist */ = {isa = PBXFileReference; lastKnownFileType = text.plist.xml; path = Info.plist; sourceTree = "<group>"; };
		4D00608C1E08F1BA008636D1 /* download-WebContentUITests.xctest */ = {isa = PBXFileReference; explicitFileType = wrapper.cfbundle; includeInIndex = 0; path = "download-WebContentUITests.xctest"; sourceTree = BUILT_PRODUCTS_DIR; };
		4D0060901E08F1BA008636D1 /* download_WebContentUITests.swift */ = {isa = PBXFileReference; lastKnownFileType = sourcecode.swift; path = download_WebContentUITests.swift; sourceTree = "<group>"; };
		4D0060921E08F1BA008636D1 /* Info.plist */ = {isa = PBXFileReference; lastKnownFileType = text.plist.xml; path = Info.plist; sourceTree = "<group>"; };
/* End PBXFileReference section */

/* Begin PBXFrameworksBuildPhase section */
		4D00606A1E08F1BA008636D1 /* Frameworks */ = {
			isa = PBXFrameworksBuildPhase;
			buildActionMask = 2147483647;
			files = (
			);
			runOnlyForDeploymentPostprocessing = 0;
		};
		4D00607E1E08F1BA008636D1 /* Frameworks */ = {
			isa = PBXFrameworksBuildPhase;
			buildActionMask = 2147483647;
			files = (
			);
			runOnlyForDeploymentPostprocessing = 0;
		};
		4D0060891E08F1BA008636D1 /* Frameworks */ = {
			isa = PBXFrameworksBuildPhase;
			buildActionMask = 2147483647;
			files = (
			);
			runOnlyForDeploymentPostprocessing = 0;
		};
/* End PBXFrameworksBuildPhase section */

/* Begin PBXGroup section */
		4D0060641E08F1B9008636D1 = {
			isa = PBXGroup;
			children = (
				4D00606F1E08F1BA008636D1 /* download-WebContent */,
				4D0060841E08F1BA008636D1 /* download-WebContentTests */,
				4D00608F1E08F1BA008636D1 /* download-WebContentUITests */,
				4D00606E1E08F1BA008636D1 /* Products */,
			);
			sourceTree = "<group>";
		};
		4D00606E1E08F1BA008636D1 /* Products */ = {
			isa = PBXGroup;
			children = (
				4D00606D1E08F1BA008636D1 /* download-WebContent.app */,
				4D0060811E08F1BA008636D1 /* download-WebContentTests.xctest */,
				4D00608C1E08F1BA008636D1 /* download-WebContentUITests.xctest */,
			);
			name = Products;
			sourceTree = "<group>";
		};
		4D00606F1E08F1BA008636D1 /* download-WebContent */ = {
			isa = PBXGroup;
			children = (
				4D0060701E08F1BA008636D1 /* AppDelegate.swift */,
				4D0060721E08F1BA008636D1 /* ViewController.swift */,
				4D0060741E08F1BA008636D1 /* Main.storyboard */,
				4D0060771E08F1BA008636D1 /* Assets.xcassets */,
				4D0060791E08F1BA008636D1 /* LaunchScreen.storyboard */,
				4D00607C1E08F1BA008636D1 /* Info.plist */,
			);
			path = "download-WebContent";
			sourceTree = "<group>";
		};
		4D0060841E08F1BA008636D1 /* download-WebContentTests */ = {
			isa = PBXGroup;
			children = (
				4D0060851E08F1BA008636D1 /* download_WebContentTests.swift */,
				4D0060871E08F1BA008636D1 /* Info.plist */,
			);
			path = "download-WebContentTests";
			sourceTree = "<group>";
		};
		4D00608F1E08F1BA008636D1 /* download-WebContentUITests */ = {
			isa = PBXGroup;
			children = (
				4D0060901E08F1BA008636D1 /* download_WebContentUITests.swift */,
				4D0060921E08F1BA008636D1 /* Info.plist */,
			);
			path = "download-WebContentUITests";
			sourceTree = "<group>";
		};
/* End PBXGroup section */

/* Begin PBXNativeTarget section */
		4D00606C1E08F1BA008636D1 /* download-WebContent */ = {
			isa = PBXNativeTarget;
			buildConfigurationList = 4D0060951E08F1BA008636D1 /* Build configuration list for PBXNativeTarget "download-WebContent" */;
			buildPhases = (
				4D0060691E08F1BA008636D1 /* Sources */,
				4D00606A1E08F1BA008636D1 /* Frameworks */,
				4D00606B1E08F1BA008636D1 /* Resources */,
			);
			buildRules = (
			);
			dependencies = (
			);
			name = "download-WebContent";
			productName = "download-WebContent";
			productReference = 4D00606D1E08F1BA008636D1 /* download-WebContent.app */;
			productType = "com.apple.product-type.application";
		};
		4D0060801E08F1BA008636D1 /* download-WebContentTests */ = {
			isa = PBXNativeTarget;
			buildConfigurationList = 4D0060981E08F1BA008636D1 /* Build configuration list for PBXNativeTarget "download-WebContentTests" */;
			buildPhases = (
				4D00607D1E08F1BA008636D1 /* Sources */,
				4D00607E1E08F1BA008636D1 /* Frameworks */,
				4D00607F1E08F1BA008636D1 /* Resources */,
			);
			buildRules = (
			);
			dependencies = (
				4D0060831E08F1BA008636D1 /* PBXTargetDependency */,
			);
			name = "download-WebContentTests";
			productName = "download-WebContentTests";
			productReference = 4D0060811E08F1BA008636D1 /* download-WebContentTests.xctest */;
			productType = "com.apple.product-type.bundle.unit-test";
		};
		4D00608B1E08F1BA008636D1 /* download-WebContentUITests */ = {
			isa = PBXNativeTarget;
			buildConfigurationList = 4D00609B1E08F1BA008636D1 /* Build configuration list for PBXNativeTarget "download-WebContentUITests" */;
			buildPhases = (
				4D0060881E08F1BA008636D1 /* Sources */,
				4D0060891E08F1BA008636D1 /* Frameworks */,
				4D00608A1E08F1BA008636D1 /* Resources */,
			);
			buildRules = (
			);
			dependencies = (
				4D00608E1E08F1BA008636D1 /* PBXTargetDependency */,
			);
			name = "download-WebContentUITests";
			productName = "download-WebContentUITests";
			productReference = 4D00608C1E08F1BA008636D1 /* download-WebContentUITests.xctest */;
			productType = "com.apple.product-type.bundle.ui-testing";
		};
/* End PBXNativeTarget section */

/* Begin PBXProject section */
		4D0060651E08F1B9008636D1 /* Project object */ = {
			isa = PBXProject;
			attributes = {
				LastSwiftUpdateCheck = 0820;
				LastUpgradeCheck = 0820;
				ORGANIZATIONNAME = "Hernán Iruegas Villarreal";
				TargetAttributes = {
					4D00606C1E08F1BA008636D1 = {
						CreatedOnToolsVersion = 8.2;
						ProvisioningStyle = Automatic;
					};
					4D0060801E08F1BA008636D1 = {
						CreatedOnToolsVersion = 8.2;
						ProvisioningStyle = Automatic;
						TestTargetID = 4D00606C1E08F1BA008636D1;
					};
					4D00608B1E08F1BA008636D1 = {
						CreatedOnToolsVersion = 8.2;
						ProvisioningStyle = Automatic;
						TestTargetID = 4D00606C1E08F1BA008636D1;
					};
				};
			};
			buildConfigurationList = 4D0060681E08F1B9008636D1 /* Build configuration list for PBXProject "download-WebContent" */;
			compatibilityVersion = "Xcode 3.2";
			developmentRegion = English;
			hasScannedForEncodings = 0;
			knownRegions = (
				en,
				Base,
			);
			mainGroup = 4D0060641E08F1B9008636D1;
			productRefGroup = 4D00606E1E08F1BA008636D1 /* Products */;
			projectDirPath = "";
			projectRoot = "";
			targets = (
				4D00606C1E08F1BA008636D1 /* download-WebContent */,
				4D0060801E08F1BA008636D1 /* download-WebContentTests */,
				4D00608B1E08F1BA008636D1 /* download-WebContentUITests */,
			);
		};
/* End PBXProject section */

/* Begin PBXResourcesBuildPhase section */
		4D00606B1E08F1BA008636D1 /* Resources */ = {
			isa = PBXResourcesBuildPhase;
			buildActionMask = 2147483647;
			files = (
				4D00607B1E08F1BA008636D1 /* LaunchScreen.storyboard in Resources */,
				4D0060781E08F1BA008636D1 /* Assets.xcassets in Resources */,
				4D0060761E08F1BA008636D1 /* Main.storyboard in Resources */,
			);
			runOnlyForDeploymentPostprocessing = 0;
		};
		4D00607F1E08F1BA008636D1 /* Resources */ = {
			isa = PBXResourcesBuildPhase;
			buildActionMask = 2147483647;
			files = (
			);
			runOnlyForDeploymentPostprocessing = 0;
		};
		4D00608A1E08F1BA008636D1 /* Resources */ = {
			isa = PBXResourcesBuildPhase;
			buildActionMask = 2147483647;
			files = (
			);
			runOnlyForDeploymentPostprocessing = 0;
		};
/* End PBXResourcesBuildPhase section */

/* Begin PBXSourcesBuildPhase section */
		4D0060691E08F1BA008636D1 /* Sources */ = {
			isa = PBXSourcesBuildPhase;
			buildActionMask = 2147483647;
			files = (
				4D0060731E08F1BA008636D1 /* ViewController.swift in Sources */,
				4D0060711E08F1BA008636D1 /* AppDelegate.swift in Sources */,
			);
			runOnlyForDeploymentPostprocessing = 0;
		};
		4D00607D1E08F1BA008636D1 /* Sources */ = {
			isa = PBXSourcesBuildPhase;
			buildActionMask = 2147483647;
			files = (
				4D0060861E08F1BA008636D1 /* download_WebContentTests.swift in Sources */,
			);
			runOnlyForDeploymentPostprocessing = 0;
		};
		4D0060881E08F1BA008636D1 /* Sources */ = {
			isa = PBXSourcesBuildPhase;
			buildActionMask = 2147483647;
			files = (
				4D0060911E08F1BA008636D1 /* download_WebContentUITests.swift in Sources */,
			);
			runOnlyForDeploymentPostprocessing = 0;
		};
/* End PBXSourcesBuildPhase section */

/* Begin PBXTargetDependency section */
		4D0060831E08F1BA008636D1 /* PBXTargetDependency */ = {
			isa = PBXTargetDependency;
			target = 4D00606C1E08F1BA008636D1 /* download-WebContent */;
			targetProxy = 4D0060821E08F1BA008636D1 /* PBXContainerItemProxy */;
		};
		4D00608E1E08F1BA008636D1 /* PBXTargetDependency */ = {
			isa = PBXTargetDependency;
			target = 4D00606C1E08F1BA008636D1 /* download-WebContent */;
			targetProxy = 4D00608D1E08F1BA008636D1 /* PBXContainerItemProxy */;
		};
/* End PBXTargetDependency section */

/* Begin PBXVariantGroup section */
		4D0060741E08F1BA008636D1 /* Main.storyboard */ = {
			isa = PBXVariantGroup;
			children = (
				4D0060751E08F1BA008636D1 /* Base */,
			);
			name = Main.storyboard;
			sourceTree = "<group>";
		};
		4D0060791E08F1BA008636D1 /* LaunchScreen.storyboard */ = {
			isa = PBXVariantGroup;
			children = (
				4D00607A1E08F1BA008636D1 /* Base */,
			);
			name = LaunchScreen.storyboard;
			sourceTree = "<group>";
		};
/* End PBXVariantGroup section */

/* Begin XCBuildConfiguration section */
		4D0060931E08F1BA008636D1 /* Debug */ = {
			isa = XCBuildConfiguration;
			buildSettings = {
				ALWAYS_SEARCH_USER_PATHS = NO;
				CLANG_ANALYZER_NONNULL = YES;
				CLANG_CXX_LANGUAGE_STANDARD = "gnu++0x";
				CLANG_CXX_LIBRARY = "libc++";
				CLANG_ENABLE_MODULES = YES;
				CLANG_ENABLE_OBJC_ARC = YES;
				CLANG_WARN_BOOL_CONVERSION = YES;
				CLANG_WARN_CONSTANT_CONVERSION = YES;
				CLANG_WARN_DIRECT_OBJC_ISA_USAGE = YES_ERROR;
				CLANG_WARN_DOCUMENTATION_COMMENTS = YES;
				CLANG_WARN_EMPTY_BODY = YES;
				CLANG_WARN_ENUM_CONVERSION = YES;
				CLANG_WARN_INFINITE_RECURSION = YES;
				CLANG_WARN_INT_CONVERSION = YES;
				CLANG_WARN_OBJC_ROOT_CLASS = YES_ERROR;
				CLANG_WARN_SUSPICIOUS_MOVE = YES;
				CLANG_WARN_UNREACHABLE_CODE = YES;
				CLANG_WARN__DUPLICATE_METHOD_MATCH = YES;
				"CODE_SIGN_IDENTITY[sdk=iphoneos*]" = "iPhone Developer";
				COPY_PHASE_STRIP = NO;
				DEBUG_INFORMATION_FORMAT = dwarf;
				ENABLE_STRICT_OBJC_MSGSEND = YES;
				ENABLE_TESTABILITY = YES;
				GCC_C_LANGUAGE_STANDARD = gnu99;
				GCC_DYNAMIC_NO_PIC = NO;
				GCC_NO_COMMON_BLOCKS = YES;
				GCC_OPTIMIZATION_LEVEL = 0;
				GCC_PREPROCESSOR_DEFINITIONS = (
					"DEBUG=1",
					"$(inherited)",
				);
				GCC_WARN_64_TO_32_BIT_CONVERSION = YES;
				GCC_WARN_ABOUT_RETURN_TYPE = YES_ERROR;
				GCC_WARN_UNDECLARED_SELECTOR = YES;
				GCC_WARN_UNINITIALIZED_AUTOS = YES_AGGRESSIVE;
				GCC_WARN_UNUSED_FUNCTION = YES;
				GCC_WARN_UNUSED_VARIABLE = YES;
				IPHONEOS_DEPLOYMENT_TARGET = 10.2;
				MTL_ENABLE_DEBUG_INFO = YES;
				ONLY_ACTIVE_ARCH = YES;
				SDKROOT = iphoneos;
				SWIFT_ACTIVE_COMPILATION_CONDITIONS = DEBUG;
				SWIFT_OPTIMIZATION_LEVEL = "-Onone";
				TARGETED_DEVICE_FAMILY = "1,2";
			};
			name = Debug;
		};
		4D0060941E08F1BA008636D1 /* Release */ = {
			isa = XCBuildConfiguration;
			buildSettings = {
				ALWAYS_SEARCH_USER_PATHS = NO;
				CLANG_ANALYZER_NONNULL = YES;
				CLANG_CXX_LANGUAGE_STANDARD = "gnu++0x";
				CLANG_CXX_LIBRARY = "libc++";
				CLANG_ENABLE_MODULES = YES;
				CLANG_ENABLE_OBJC_ARC = YES;
				CLANG_WARN_BOOL_CONVERSION = YES;
				CLANG_WARN_CONSTANT_CONVERSION = YES;
				CLANG_WARN_DIRECT_OBJC_ISA_USAGE = YES_ERROR;
				CLANG_WARN_DOCUMENTATION_COMMENTS = YES;
				CLANG_WARN_EMPTY_BODY = YES;
				CLANG_WARN_ENUM_CONVERSION = YES;
				CLANG_WARN_INFINITE_RECURSION = YES;
				CLANG_WARN_INT_CONVERSION = YES;
				CLANG_WARN_OBJC_ROOT_CLASS = YES_ERROR;
				CLANG_WARN_SUSPICIOUS_MOVE = YES;
				CLANG_WARN_UNREACHABLE_CODE = YES;
				CLANG_WARN__DUPLICATE_METHOD_MATCH = YES;
				"CODE_SIGN_IDENTITY[sdk=iphoneos*]" = "iPhone Developer";
				COPY_PHASE_STRIP = NO;
				DEBUG_INFORMATION_FORMAT = "dwarf-with-dsym";
				ENABLE_NS_ASSERTIONS = NO;
				ENABLE_STRICT_OBJC_MSGSEND = YES;
				GCC_C_LANGUAGE_STANDARD = gnu99;
				GCC_NO_COMMON_BLOCKS = YES;
				GCC_WARN_64_TO_32_BIT_CONVERSION = YES;
				GCC_WARN_ABOUT_RETURN_TYPE = YES_ERROR;
				GCC_WARN_UNDECLARED_SELECTOR = YES;
				GCC_WARN_UNINITIALIZED_AUTOS = YES_AGGRESSIVE;
				GCC_WARN_UNUSED_FUNCTION = YES;
				GCC_WARN_UNUSED_VARIABLE = YES;
				IPHONEOS_DEPLOYMENT_TARGET = 10.2;
				MTL_ENABLE_DEBUG_INFO = NO;
				SDKROOT = iphoneos;
				SWIFT_OPTIMIZATION_LEVEL = "-Owholemodule";
				TARGETED_DEVICE_FAMILY = "1,2";
				VALIDATE_PRODUCT = YES;
			};
			name = Release;
		};
		4D0060961E08F1BA008636D1 /* Debug */ = {
			isa = XCBuildConfiguration;
			buildSettings = {
				ASSETCATALOG_COMPILER_APPICON_NAME = AppIcon;
				INFOPLIST_FILE = "download-WebContent/Info.plist";
				LD_RUNPATH_SEARCH_PATHS = "$(inherited) @executable_path/Frameworks";
				PRODUCT_BUNDLE_IDENTIFIER = "TEC.download-WebContent";
				PRODUCT_NAME = "$(TARGET_NAME)";
				SWIFT_VERSION = 3.0;
			};
			name = Debug;
		};
		4D0060971E08F1BA008636D1 /* Release */ = {
			isa = XCBuildConfiguration;
			buildSettings = {
				ASSETCATALOG_COMPILER_APPICON_NAME = AppIcon;
				INFOPLIST_FILE = "download-WebContent/Info.plist";
				LD_RUNPATH_SEARCH_PATHS = "$(inherited) @executable_path/Frameworks";
				PRODUCT_BUNDLE_IDENTIFIER = "TEC.download-WebContent";
				PRODUCT_NAME = "$(TARGET_NAME)";
				SWIFT_VERSION = 3.0;
			};
			name = Release;
		};
		4D0060991E08F1BA008636D1 /* Debug */ = {
			isa = XCBuildConfiguration;
			buildSettings = {
				ALWAYS_EMBED_SWIFT_STANDARD_LIBRARIES = YES;
				BUNDLE_LOADER = "$(TEST_HOST)";
				INFOPLIST_FILE = "download-WebContentTests/Info.plist";
				LD_RUNPATH_SEARCH_PATHS = "$(inherited) @executable_path/Frameworks @loader_path/Frameworks";
				PRODUCT_BUNDLE_IDENTIFIER = "TEC.download-WebContentTests";
				PRODUCT_NAME = "$(TARGET_NAME)";
				SWIFT_VERSION = 3.0;
				TEST_HOST = "$(BUILT_PRODUCTS_DIR)/download-WebContent.app/download-WebContent";
			};
			name = Debug;
		};
		4D00609A1E08F1BA008636D1 /* Release */ = {
			isa = XCBuildConfiguration;
			buildSettings = {
				ALWAYS_EMBED_SWIFT_STANDARD_LIBRARIES = YES;
				BUNDLE_LOADER = "$(TEST_HOST)";
				INFOPLIST_FILE = "download-WebContentTests/Info.plist";
				LD_RUNPATH_SEARCH_PATHS = "$(inherited) @executable_path/Frameworks @loader_path/Frameworks";
				PRODUCT_BUNDLE_IDENTIFIER = "TEC.download-WebContentTests";
				PRODUCT_NAME = "$(TARGET_NAME)";
				SWIFT_VERSION = 3.0;
				TEST_HOST = "$(BUILT_PRODUCTS_DIR)/download-WebContent.app/download-WebContent";
			};
			name = Release;
		};
		4D00609C1E08F1BA008636D1 /* Debug */ = {
			isa = XCBuildConfiguration;
			buildSettings = {
				ALWAYS_EMBED_SWIFT_STANDARD_LIBRARIES = YES;
				INFOPLIST_FILE = "download-WebContentUITests/Info.plist";
				LD_RUNPATH_SEARCH_PATHS = "$(inherited) @executable_path/Frameworks @loader_path/Frameworks";
				PRODUCT_BUNDLE_IDENTIFIER = "TEC.download-WebContentUITests";
				PRODUCT_NAME = "$(TARGET_NAME)";
				SWIFT_VERSION = 3.0;
				TEST_TARGET_NAME = "download-WebContent";
			};
			name = Debug;
		};
		4D00609D1E08F1BA008636D1 /* Release */ = {
			isa = XCBuildConfiguration;
			buildSettings = {
				ALWAYS_EMBED_SWIFT_STANDARD_LIBRARIES = YES;
				INFOPLIST_FILE = "download-WebContentUITests/Info.plist";
				LD_RUNPATH_SEARCH_PATHS = "$(inherited) @executable_path/Frameworks @loader_path/Frameworks";
				PRODUCT_BUNDLE_IDENTIFIER = "TEC.download-WebContentUITests";
				PRODUCT_NAME = "$(TARGET_NAME)";
				SWIFT_VERSION = 3.0;
				TEST_TARGET_NAME = "download-WebContent";
			};
			name = Release;
		};
/* End XCBuildConfiguration section */

/* Begin XCConfigurationList section */
		4D0060681E08F1B9008636D1 /* Build configuration list for PBXProject "download-WebContent" */ = {
			isa = XCConfigurationList;
			buildConfigurations = (
				4D0060931E08F1BA008636D1 /* Debug */,
				4D0060941E08F1BA008636D1 /* Release */,
			);
			defaultConfigurationIsVisible = 0;
			defaultConfigurationName = Release;
		};
		4D0060951E08F1BA008636D1 /* Build configuration list for PBXNativeTarget "download-WebContent" */ = {
			isa = XCConfigurationList;
			buildConfigurations = (
				4D0060961E08F1BA008636D1 /* Debug */,
				4D0060971E08F1BA008636D1 /* Release */,
			);
			defaultConfigurationIsVisible = 0;
		};
		4D0060981E08F1BA008636D1 /* Build configuration list for PBXNativeTarget "download-WebContentTests" */ = {
			isa = XCConfigurationList;
			buildConfigurations = (
				4D0060991E08F1BA008636D1 /* Debug */,
				4D00609A1E08F1BA008636D1 /* Release */,
			);
			defaultConfigurationIsVisible = 0;
		};
		4D00609B1E08F1BA008636D1 /* Build configuration list for PBXNativeTarget "download-WebContentUITests" */ = {
			isa = XCConfigurationList;
			buildConfigurations = (
				4D00609C1E08F1BA008636D1 /* Debug */,
				4D00609D1E08F1BA008636D1 /* Release */,
			);
			defaultConfigurationIsVisible = 0;
		};
/* End XCConfigurationList section */
	};
	rootObject = 4D0060651E08F1B9008636D1 /* Project object */;
}
